
Microsoft Visual Studio Solution File, Format Version 12.00
# Visual Studio 15
Project("{FAE04EC0-301F-11D3-BF4B-00C04F79EFBC}") = "Assembly-CSharp", "Assembly-CSharp.csproj", "{9B74D08F-0222-3816-90B6-67C355EEA906}"
EndProject
Project("{FAE04EC0-301F-11D3-BF4B-00C04F79EFBC}") = "Assembly-CSharp-Editor", "Assembly-CSharp-Editor.csproj", "{2B0FDD31-D6A0-F9D3-DBAA-A7A6749B894C}"
EndProject
Global
	GlobalSection(SolutionConfigurationPlatforms) = preSolution
		Debug|Any CPU = Debug|Any CPU
		Release|Any CPU = Release|Any CPU
	EndGlobalSection
	GlobalSection(ProjectConfigurationPlatforms) = postSolution
		{9B74D08F-0222-3816-90B6-67C355EEA906}.Debug|Any CPU.ActiveCfg = Debug|Any CPU
		{9B74D08F-0222-3816-90B6-67C355EEA906}.Debug|Any CPU.Build.0 = Debug|Any CPU
		{9B74D08F-0222-3816-90B6-67C355EEA906}.Release|Any CPU.ActiveCfg = Release|Any CPU
		{9B74D08F-0222-3816-90B6-67C355EEA906}.Release|Any CPU.Build.0 = Release|Any CPU
		{2B0FDD31-D6A0-F9D3-DBAA-A7A6749B894C}.Debug|Any CPU.ActiveCfg = Debug|Any CPU
		{2B0FDD31-D6A0-F9D3-DBAA-A7A6749B894C}.Debug|Any CPU.Build.0 = Debug|Any CPU
		{2B0FDD31-D6A0-F9D3-DBAA-A7A6749B894C}.Release|Any CPU.ActiveCfg = Release|Any CPU
		{2B0FDD31-D6A0-F9D3-DBAA-A7A6749B894C}.Release|Any CPU.Build.0 = Release|Any CPU
	EndGlobalSection
	GlobalSection(SolutionProperties) = preSolution
		HideSolutionNode = FALSE
	EndGlobalSection
EndGlobal
