
Microsoft Visual Studio Solution File, Format Version 12.00
# Visual Studio 15
Project("{FAE04EC0-301F-11D3-BF4B-00C04F79EFBC}") = "Assembly-CSharp", "Assembly-CSharp.csproj", "{AA05B4A0-07AC-EACD-62E0-3D8DFC0582BF}"
EndProject
Project("{FAE04EC0-301F-11D3-BF4B-00C04F79EFBC}") = "Assembly-CSharp-Editor", "Assembly-CSharp-Editor.csproj", "{34570799-6DB9-B6B9-B8B8-071F4587BD0D}"
EndProject
Global
	GlobalSection(SolutionConfigurationPlatforms) = preSolution
		Debug|Any CPU = Debug|Any CPU
		Release|Any CPU = Release|Any CPU
	EndGlobalSection
	GlobalSection(ProjectConfigurationPlatforms) = postSolution
		{AA05B4A0-07AC-EACD-62E0-3D8DFC0582BF}.Debug|Any CPU.ActiveCfg = Debug|Any CPU
		{AA05B4A0-07AC-EACD-62E0-3D8DFC0582BF}.Debug|Any CPU.Build.0 = Debug|Any CPU
		{AA05B4A0-07AC-EACD-62E0-3D8DFC0582BF}.Release|Any CPU.ActiveCfg = Release|Any CPU
		{AA05B4A0-07AC-EACD-62E0-3D8DFC0582BF}.Release|Any CPU.Build.0 = Release|Any CPU
		{34570799-6DB9-B6B9-B8B8-071F4587BD0D}.Debug|Any CPU.ActiveCfg = Debug|Any CPU
		{34570799-6DB9-B6B9-B8B8-071F4587BD0D}.Debug|Any CPU.Build.0 = Debug|Any CPU
		{34570799-6DB9-B6B9-B8B8-071F4587BD0D}.Release|Any CPU.ActiveCfg = Release|Any CPU
		{34570799-6DB9-B6B9-B8B8-071F4587BD0D}.Release|Any CPU.Build.0 = Release|Any CPU
	EndGlobalSection
	GlobalSection(SolutionProperties) = preSolution
		HideSolutionNode = FALSE
	EndGlobalSection
EndGlobal
